# THIS IS AN AUTOGENERATED FILE. DO NOT EDIT THIS FILE DIRECTLY.
# yarn lockfile v1


"@apollo/client@~3.2.5 || ~3.3.0 || ~3.4.0":
  version "3.4.17"
  resolved "https://registry.yarnpkg.com/@apollo/client/-/client-3.4.17.tgz#4972e19a49809e16d17c5adc67f45623a6dac135"
  integrity sha512-MDt2rwMX1GqodiVEKJqmDmAz8xr0qJmq5PdWeIt0yDaT4GOkKYWZiWkyfhfv3raTk8PyJvbsNG9q2CqmUrlGfg==
  dependencies:
    "@graphql-typed-document-node/core" "^3.0.0"
    "@wry/context" "^0.6.0"
    "@wry/equality" "^0.5.0"
    "@wry/trie" "^0.3.0"
    graphql-tag "^2.12.3"
    hoist-non-react-statics "^3.3.2"
    optimism "^0.16.1"
    prop-types "^15.7.2"
    symbol-observable "^4.0.0"
    ts-invariant "^0.9.0"
    tslib "^2.3.0"
    zen-observable-ts "~1.1.0"

"@graphql-tools/merge@^8.2.1":
  version "8.2.1"
  resolved "https://registry.yarnpkg.com/@graphql-tools/merge/-/merge-8.2.1.tgz#bf83aa06a0cfc6a839e52a58057a84498d0d51ff"
  integrity sha512-Q240kcUszhXiAYudjuJgNuLgy9CryDP3wp83NOZQezfA6h3ByYKU7xI6DiKrdjyVaGpYN3ppUmdj0uf5GaXzMA==
  dependencies:
    "@graphql-tools/utils" "^8.5.1"
    tslib "~2.3.0"

"@graphql-tools/schema@^8.2.0":
  version "8.3.1"
  resolved "https://registry.yarnpkg.com/@graphql-tools/schema/-/schema-8.3.1.tgz#1ee9da494d2da457643b3c93502b94c3c4b68c74"
  integrity sha512-3R0AJFe715p4GwF067G5i0KCr/XIdvSfDLvTLEiTDQ8V/hwbOHEKHKWlEBHGRQwkG5lwFQlW1aOn7VnlPERnWQ==
  dependencies:
    "@graphql-tools/merge" "^8.2.1"
    "@graphql-tools/utils" "^8.5.1"
    tslib "~2.3.0"
    value-or-promise "1.0.11"

"@graphql-tools/utils@^8.5.1":
  version "8.6.1"
  resolved "https://registry.yarnpkg.com/@graphql-tools/utils/-/utils-8.6.1.tgz#52c7eb108f2ca2fd01bdba8eef85077ead1bf882"
  integrity sha512-uxcfHCocp4ENoIiovPxUWZEHOnbXqj3ekWc0rm7fUhW93a1xheARNHcNKhwMTR+UKXVJbTFQdGI1Rl5XdyvDBg==
  dependencies:
    tslib "~2.3.0"

"@graphql-typed-document-node/core@^3.0.0":
  version "3.1.1"
  resolved "https://registry.yarnpkg.com/@graphql-typed-document-node/core/-/core-3.1.1.tgz#076d78ce99822258cf813ecc1e7fa460fa74d052"
  integrity sha512-NQ17ii0rK1b34VZonlmT2QMJFI70m0TRwbknO/ihlbatXyaktDhN/98vBiUU6kNBPljqGqyIrl2T4nY2RpFANg==

"@types/zen-observable@0.8.3":
  version "0.8.3"
  resolved "https://registry.yarnpkg.com/@types/zen-observable/-/zen-observable-0.8.3.tgz#781d360c282436494b32fe7d9f7f8e64b3118aa3"
  integrity sha512-fbF6oTd4sGGy0xjHPKAt+eS2CrxJ3+6gQ3FGcBoIJR2TLAyCkCyI8JqZNy+FeON0AhVgNJoUumVoZQjBFUqHkw==

"@wry/context@^0.6.0":
  version "0.6.1"
  resolved "https://registry.yarnpkg.com/@wry/context/-/context-0.6.1.tgz#c3c29c0ad622adb00f6a53303c4f965ee06ebeb2"
  integrity sha512-LOmVnY1iTU2D8tv4Xf6MVMZZ+juIJ87Kt/plMijjN20NMAXGmH4u8bS1t0uT74cZ5gwpocYueV58YwyI8y+GKw==
  dependencies:
    tslib "^2.3.0"

"@wry/equality@^0.5.0":
  version "0.5.2"
  resolved "https://registry.yarnpkg.com/@wry/equality/-/equality-0.5.2.tgz#72c8a7a7d884dff30b612f4f8464eba26c080e73"
  integrity sha512-oVMxbUXL48EV/C0/M7gLVsoK6qRHPS85x8zECofEZOVvxGmIPLA9o5Z27cc2PoAyZz1S2VoM2A7FLAnpfGlneA==
  dependencies:
    tslib "^2.3.0"

"@wry/trie@^0.3.0":
  version "0.3.1"
  resolved "https://registry.yarnpkg.com/@wry/trie/-/trie-0.3.1.tgz#2279b790f15032f8bcea7fc944d27988e5b3b139"
  integrity sha512-WwB53ikYudh9pIorgxrkHKrQZcCqNM/Q/bDzZBffEaGUKGuHrRb3zZUT9Sh2qw9yogC7SsdRmQ1ER0pqvd3bfw==
  dependencies:
    tslib "^2.3.0"

graphql-tag@^2.12.3:
  version "2.12.6"
  resolved "https://registry.yarnpkg.com/graphql-tag/-/graphql-tag-2.12.6.tgz#d441a569c1d2537ef10ca3d1633b48725329b5f1"
  integrity sha512-FdSNcu2QQcWnM2VNvSCCDCVS5PpPqpzgFT8+GXzqJuoDd0CBncxCY278u4mhRO7tMgo2JjgJA5aZ+nWSQ/Z+xg==
  dependencies:
    tslib "^2.1.0"

graphql-tools@^8.2.0:
  version "8.2.0"
  resolved "https://registry.yarnpkg.com/graphql-tools/-/graphql-tools-8.2.0.tgz#493edc2760469f39d8334c6f20aa75ae91a7ab86"
  integrity sha512-9axT/0exEzVCk+vMPykOPannlrA4VQNo6nuWgh25IJ5arPf92OKxvjSHAbm7dQIFmcWxE0hVvyD2rWHjDqZCgQ==
  dependencies:
    "@graphql-tools/schema" "^8.2.0"
    tslib "~2.3.0"
  optionalDependencies:
    "@apollo/client" "~3.2.5 || ~3.3.0 || ~3.4.0"

hoist-non-react-statics@^3.3.2:
  version "3.3.2"
  resolved "https://registry.yarnpkg.com/hoist-non-react-statics/-/hoist-non-react-statics-3.3.2.tgz#ece0acaf71d62c2969c2ec59feff42a4b1a85b45"
  integrity sha512-/gGivxi8JPKWNm/W0jSmzcMPpfpPLc3dY/6GxhX2hQ9iGj3aDfklV4ET7NjKpSinLpJ5vafa9iiGIEZg10SfBw==
  dependencies:
    react-is "^16.7.0"

"js-tokens@^3.0.0 || ^4.0.0":
  version "4.0.0"
  resolved "https://registry.yarnpkg.com/js-tokens/-/js-tokens-4.0.0.tgz#19203fb59991df98e3a287050d4647cdeaf32499"
  integrity sha512-RdJUflcE3cUzKiMqQgsCu06FPu9UdIJO0beYbPhHN4k6apgJtifcoCtT9bcxOpYBtpD2kCM6Sbzg4CausW/PKQ==

loose-envify@^1.4.0:
  version "1.4.0"
  resolved "https://registry.yarnpkg.com/loose-envify/-/loose-envify-1.4.0.tgz#71ee51fa7be4caec1a63839f7e682d8132d30caf"
  integrity sha512-lyuxPGr/Wfhrlem2CL/UcnUc1zcqKAImBDzukY7Y5F/yQiNdko6+fRLevlw1HgMySw7f611UIY408EtxRSoK3Q==
  dependencies:
    js-tokens "^3.0.0 || ^4.0.0"

object-assign@^4.1.1:
  version "4.1.1"
  resolved "https://registry.yarnpkg.com/object-assign/-/object-assign-4.1.1.tgz#2109adc7965887cfc05cbbd442cac8bfbb360863"
  integrity sha1-IQmtx5ZYh8/AXLvUQsrIv7s2CGM=

optimism@^0.16.1:
  version "0.16.1"
  resolved "https://registry.yarnpkg.com/optimism/-/optimism-0.16.1.tgz#7c8efc1f3179f18307b887e18c15c5b7133f6e7d"
  integrity sha512-64i+Uw3otrndfq5kaoGNoY7pvOhSsjFEN4bdEFh80MWVk/dbgJfMv7VFDeCT8LxNAlEVhQmdVEbfE7X2nWNIIg==
  dependencies:
    "@wry/context" "^0.6.0"
    "@wry/trie" "^0.3.0"

prop-types@^15.7.2:
  version "15.8.1"
  resolved "https://registry.yarnpkg.com/prop-types/-/prop-types-15.8.1.tgz#67d87bf1a694f48435cf332c24af10214a3140b5"
  integrity sha512-oj87CgZICdulUohogVAR7AjlC0327U4el4L6eAvOqCeudMDVU0NThNaV+b9Df4dXgSP1gXMTnPdhfe/2qDH5cg==
  dependencies:
    loose-envify "^1.4.0"
    object-assign "^4.1.1"
    react-is "^16.13.1"

react-is@^16.13.1, react-is@^16.7.0:
  version "16.13.1"
  resolved "https://registry.yarnpkg.com/react-is/-/react-is-16.13.1.tgz#789729a4dc36de2999dc156dd6c1d9c18cea56a4"
  integrity sha512-24e6ynE2H+OKt4kqsOvNd8kBpV65zoxbA4BVsEOB3ARVWQki/DHzaUoC5KuON/BiccDaCCTZBuOcfZs70kR8bQ==

symbol-observable@^4.0.0:
  version "4.0.0"
  resolved "https://registry.yarnpkg.com/symbol-observable/-/symbol-observable-4.0.0.tgz#5b425f192279e87f2f9b937ac8540d1984b39205"
  integrity sha512-b19dMThMV4HVFynSAM1++gBHAbk2Tc/osgLIBZMKsyqh34jb2e8Os7T6ZW/Bt3pJFdBTd2JwAnAAEQV7rSNvcQ==

ts-invariant@^0.9.0:
  version "0.9.4"
  resolved "https://registry.yarnpkg.com/ts-invariant/-/ts-invariant-0.9.4.tgz#42ac6c791aade267dd9dc65276549df5c5d71cac"
  integrity sha512-63jtX/ZSwnUNi/WhXjnK8kz4cHHpYS60AnmA6ixz17l7E12a5puCWFlNpkne5Rl0J8TBPVHpGjsj4fxs8ObVLQ==
  dependencies:
    tslib "^2.1.0"

tslib@^2.1.0, tslib@^2.3.0, tslib@~2.3.0:
  version "2.3.1"
  resolved "https://registry.yarnpkg.com/tslib/-/tslib-2.3.1.tgz#e8a335add5ceae51aa261d32a490158ef042ef01"
  integrity sha512-77EbyPPpMz+FRFRuAFlWMtmgUWGe9UOG2Z25NqCwiIjRhOf5iKGuzSe5P2w1laq+FkRy4p+PCuVkJSGkzTEKVw==

value-or-promise@1.0.11:
  version "1.0.11"
  resolved "https://registry.yarnpkg.com/value-or-promise/-/value-or-promise-1.0.11.tgz#3e90299af31dd014fe843fe309cefa7c1d94b140"
  integrity sha512-41BrgH+dIbCFXClcSapVs5M6GkENd3gQOJpEfPDNa71LsUGMXDL0jMWpI/Rh7WhX+Aalfz2TTS3Zt5pUsbnhLg==

zen-observable-ts@~1.1.0:
  version "1.1.0"
  resolved "https://registry.yarnpkg.com/zen-observable-ts/-/zen-observable-ts-1.1.0.tgz#2d1aa9d79b87058e9b75698b92791c1838551f83"
  integrity sha512-1h4zlLSqI2cRLPJUHJFL8bCWHhkpuXkF+dbGkRaWjgDIG26DmzyshUMrdV/rL3UnR+mhaX4fRq8LPouq0MYYIA==
  dependencies:
    "@types/zen-observable" "0.8.3"
    zen-observable "0.8.15"

zen-observable@0.8.15:
  version "0.8.15"
  resolved "https://registry.yarnpkg.com/zen-observable/-/zen-observable-0.8.15.tgz#96415c512d8e3ffd920afd3889604e30b9eaac15"
  integrity sha512-PQ2PC7R9rslx84ndNBZB/Dkv8V8fZEpk83RLgXtYd0fwUgEjseMn1Dgajh2x6S8QbZAFa9p2qVCEuYZNgve0dQ==
